// !$*UTF8*$!
{
	archiveVersion = 1;
	classes = {
	};
	objectVersion = 55;
	objects = {

/* Begin PBXBuildFile section */
		D51E233927BAF0440008C45C /* ScrumdingerApp.swift in Sources */ = {isa = PBXBuildFile; fileRef = D51E233827BAF0440008C45C /* ScrumdingerApp.swift */; };
		D51E233B27BAF0440008C45C /* MeetingView.swift in Sources */ = {isa = PBXBuildFile; fileRef = D51E233A27BAF0440008C45C /* MeetingView.swift */; };
		D51E233D27BAF0460008C45C /* Assets.xcassets in Resources */ = {isa = PBXBuildFile; fileRef = D51E233C27BAF0460008C45C /* Assets.xcassets */; };
		D51E234027BAF0460008C45C /* Preview Assets.xcassets in Resources */ = {isa = PBXBuildFile; fileRef = D51E233F27BAF0460008C45C /* Preview Assets.xcassets */; };
		D51E234A27BAFC240008C45C /* Theme.swift in Sources */ = {isa = PBXBuildFile; fileRef = D51E234927BAFC240008C45C /* Theme.swift */; };
		D51E234C27BAFD330008C45C /* DailyScrum.swift in Sources */ = {isa = PBXBuildFile; fileRef = D51E234B27BAFD330008C45C /* DailyScrum.swift */; };
		D51E234E27BAFE340008C45C /* CardView.swift in Sources */ = {isa = PBXBuildFile; fileRef = D51E234D27BAFE340008C45C /* CardView.swift */; };
		D51E235027BC27430008C45C /* TrailingIconLabelStyle.swift in Sources */ = {isa = PBXBuildFile; fileRef = D51E234F27BC27430008C45C /* TrailingIconLabelStyle.swift */; };
		D51E235227BC2BC50008C45C /* ScrumsView.swift in Sources */ = {isa = PBXBuildFile; fileRef = D51E235127BC2BC50008C45C /* ScrumsView.swift */; };
		D5AC0A7227C16C40003ABBA6 /* MeetingHeaderView.swift in Sources */ = {isa = PBXBuildFile; fileRef = D5AC0A7127C16C40003ABBA6 /* MeetingHeaderView.swift */; };
		D5AC0A7627C18930003ABBA6 /* ScrumProgressViewStyle.swift in Sources */ = {isa = PBXBuildFile; fileRef = D5AC0A7527C18930003ABBA6 /* ScrumProgressViewStyle.swift */; };
		D5AC0A7827C18CA5003ABBA6 /* ScrumTimer.swift in Sources */ = {isa = PBXBuildFile; fileRef = D5AC0A7727C18CA5003ABBA6 /* ScrumTimer.swift */; };
		D5AC0A7A27C19495003ABBA6 /* MeetingViewFooter.swift in Sources */ = {isa = PBXBuildFile; fileRef = D5AC0A7927C19495003ABBA6 /* MeetingViewFooter.swift */; };
		D5B3056427BECB47000493CE /* DetailEditView.swift in Sources */ = {isa = PBXBuildFile; fileRef = D5B3056327BECB47000493CE /* DetailEditView.swift */; };
		D5B3056827BEE76C000493CE /* ThemeView.swift in Sources */ = {isa = PBXBuildFile; fileRef = D5B3056727BEE76C000493CE /* ThemeView.swift */; };
		D5B3056A27BEE8B9000493CE /* ThemePicker.swift in Sources */ = {isa = PBXBuildFile; fileRef = D5B3056927BEE8B9000493CE /* ThemePicker.swift */; };
		D5C7FE1827BD9C1F002617CE /* DetailView.swift in Sources */ = {isa = PBXBuildFile; fileRef = D5C7FE1727BD9C1F002617CE /* DetailView.swift */; };
/* End PBXBuildFile section */

/* Begin PBXFileReference section */
		D51E233527BAF0440008C45C /* Scrumdinger.app */ = {isa = PBXFileReference; explicitFileType = wrapper.application; includeInIndex = 0; path = Scrumdinger.app; sourceTree = BUILT_PRODUCTS_DIR; };
		D51E233827BAF0440008C45C /* ScrumdingerApp.swift */ = {isa = PBXFileReference; lastKnownFileType = sourcecode.swift; path = ScrumdingerApp.swift; sourceTree = "<group>"; };
		D51E233A27BAF0440008C45C /* MeetingView.swift */ = {isa = PBXFileReference; lastKnownFileType = sourcecode.swift; path = MeetingView.swift; sourceTree = "<group>"; };
		D51E233C27BAF0460008C45C /* Assets.xcassets */ = {isa = PBXFileReference; lastKnownFileType = folder.assetcatalog; path = Assets.xcassets; sourceTree = "<group>"; };
		D51E233F27BAF0460008C45C /* Preview Assets.xcassets */ = {isa = PBXFileReference; lastKnownFileType = folder.assetcatalog; path = "Preview Assets.xcassets"; sourceTree = "<group>"; };
		D51E234927BAFC240008C45C /* Theme.swift */ = {isa = PBXFileReference; lastKnownFileType = sourcecode.swift; path = Theme.swift; sourceTree = "<group>"; };
		D51E234B27BAFD330008C45C /* DailyScrum.swift */ = {isa = PBXFileReference; lastKnownFileType = sourcecode.swift; path = DailyScrum.swift; sourceTree = "<group>"; };
		D51E234D27BAFE340008C45C /* CardView.swift */ = {isa = PBXFileReference; lastKnownFileType = sourcecode.swift; path = CardView.swift; sourceTree = "<group>"; };
		D51E234F27BC27430008C45C /* TrailingIconLabelStyle.swift */ = {isa = PBXFileReference; lastKnownFileType = sourcecode.swift; path = TrailingIconLabelStyle.swift; sourceTree = "<group>"; };
		D51E235127BC2BC50008C45C /* ScrumsView.swift */ = {isa = PBXFileReference; lastKnownFileType = sourcecode.swift; path = ScrumsView.swift; sourceTree = "<group>"; };
		D5AC0A7127C16C40003ABBA6 /* MeetingHeaderView.swift */ = {isa = PBXFileReference; lastKnownFileType = sourcecode.swift; path = MeetingHeaderView.swift; sourceTree = "<group>"; };
		D5AC0A7527C18930003ABBA6 /* ScrumProgressViewStyle.swift */ = {isa = PBXFileReference; lastKnownFileType = sourcecode.swift; path = ScrumProgressViewStyle.swift; sourceTree = "<group>"; };
		D5AC0A7727C18CA5003ABBA6 /* ScrumTimer.swift */ = {isa = PBXFileReference; lastKnownFileType = sourcecode.swift; path = ScrumTimer.swift; sourceTree = "<group>"; };
		D5AC0A7927C19495003ABBA6 /* MeetingViewFooter.swift */ = {isa = PBXFileReference; lastKnownFileType = sourcecode.swift; path = MeetingViewFooter.swift; sourceTree = "<group>"; };
		D5B3056327BECB47000493CE /* DetailEditView.swift */ = {isa = PBXFileReference; lastKnownFileType = sourcecode.swift; path = DetailEditView.swift; sourceTree = "<group>"; };
		D5B3056727BEE76C000493CE /* ThemeView.swift */ = {isa = PBXFileReference; lastKnownFileType = sourcecode.swift; path = ThemeView.swift; sourceTree = "<group>"; };
		D5B3056927BEE8B9000493CE /* ThemePicker.swift */ = {isa = PBXFileReference; lastKnownFileType = sourcecode.swift; path = ThemePicker.swift; sourceTree = "<group>"; };
		D5C7FE1727BD9C1F002617CE /* DetailView.swift */ = {isa = PBXFileReference; lastKnownFileType = sourcecode.swift; path = DetailView.swift; sourceTree = "<group>"; };
/* End PBXFileReference section */

/* Begin PBXFrameworksBuildPhase section */
		D51E233227BAF0440008C45C /* Frameworks */ = {
			isa = PBXFrameworksBuildPhase;
			buildActionMask = 2147483647;
			files = (
			);
			runOnlyForDeploymentPostprocessing = 0;
		};
/* End PBXFrameworksBuildPhase section */

/* Begin PBXGroup section */
		D51E232C27BAF0440008C45C = {
			isa = PBXGroup;
			children = (
				D51E233727BAF0440008C45C /* Scrumdinger */,
				D51E233627BAF0440008C45C /* Products */,
			);
			sourceTree = "<group>";
		};
		D51E233627BAF0440008C45C /* Products */ = {
			isa = PBXGroup;
			children = (
				D51E233527BAF0440008C45C /* Scrumdinger.app */,
			);
			name = Products;
			sourceTree = "<group>";
		};
		D51E233727BAF0440008C45C /* Scrumdinger */ = {
			isa = PBXGroup;
			children = (
				D51E233827BAF0440008C45C /* ScrumdingerApp.swift */,
				D51E233A27BAF0440008C45C /* MeetingView.swift */,
				D51E234D27BAFE340008C45C /* CardView.swift */,
				D5AC0A7127C16C40003ABBA6 /* MeetingHeaderView.swift */,
				D5AC0A7727C18CA5003ABBA6 /* ScrumTimer.swift */,
				D5AC0A7527C18930003ABBA6 /* ScrumProgressViewStyle.swift */,
				D5C7FE1727BD9C1F002617CE /* DetailView.swift */,
				D51E235127BC2BC50008C45C /* ScrumsView.swift */,
				D5AC0A7927C19495003ABBA6 /* MeetingViewFooter.swift */,
				D5B3056727BEE76C000493CE /* ThemeView.swift */,
				D5B3056327BECB47000493CE /* DetailEditView.swift */,
				D51E234F27BC27430008C45C /* TrailingIconLabelStyle.swift */,
				D5B3056927BEE8B9000493CE /* ThemePicker.swift */,
				D51E234627BAFBD60008C45C /* Models */,
				D51E233C27BAF0460008C45C /* Assets.xcassets */,
				D51E233E27BAF0460008C45C /* Preview Content */,
			);
			path = Scrumdinger;
			sourceTree = "<group>";
		};
		D51E233E27BAF0460008C45C /* Preview Content */ = {
			isa = PBXGroup;
			children = (
				D51E233F27BAF0460008C45C /* Preview Assets.xcassets */,
			);
			path = "Preview Content";
			sourceTree = "<group>";
		};
		D51E234627BAFBD60008C45C /* Models */ = {
			isa = PBXGroup;
			children = (
				D51E234927BAFC240008C45C /* Theme.swift */,
				D51E234B27BAFD330008C45C /* DailyScrum.swift */,
			);
			path = Models;
			sourceTree = "<group>";
		};
/* End PBXGroup section */

/* Begin PBXNativeTarget section */
		D51E233427BAF0440008C45C /* Scrumdinger */ = {
			isa = PBXNativeTarget;
			buildConfigurationList = D51E234327BAF0460008C45C /* Build configuration list for PBXNativeTarget "Scrumdinger" */;
			buildPhases = (
				D51E233127BAF0440008C45C /* Sources */,
				D51E233227BAF0440008C45C /* Frameworks */,
				D51E233327BAF0440008C45C /* Resources */,
			);
			buildRules = (
			);
			dependencies = (
			);
			name = Scrumdinger;
			productName = Scrumdinger;
			productReference = D51E233527BAF0440008C45C /* Scrumdinger.app */;
			productType = "com.apple.product-type.application";
		};
/* End PBXNativeTarget section */

/* Begin PBXProject section */
		D51E232D27BAF0440008C45C /* Project object */ = {
			isa = PBXProject;
			attributes = {
				BuildIndependentTargetsInParallel = 1;
				LastSwiftUpdateCheck = 1320;
				LastUpgradeCheck = 1320;
				TargetAttributes = {
					D51E233427BAF0440008C45C = {
						CreatedOnToolsVersion = 13.2.1;
					};
				};
			};
			buildConfigurationList = D51E233027BAF0440008C45C /* Build configuration list for PBXProject "Scrumdinger" */;
			compatibilityVersion = "Xcode 13.0";
			developmentRegion = en;
			hasScannedForEncodings = 0;
			knownRegions = (
				en,
				Base,
			);
			mainGroup = D51E232C27BAF0440008C45C;
			productRefGroup = D51E233627BAF0440008C45C /* Products */;
			projectDirPath = "";
			projectRoot = "";
			targets = (
				D51E233427BAF0440008C45C /* Scrumdinger */,
			);
		};
/* End PBXProject section */

/* Begin PBXResourcesBuildPhase section */
		D51E233327BAF0440008C45C /* Resources */ = {
			isa = PBXResourcesBuildPhase;
			buildActionMask = 2147483647;
			files = (
				D51E234027BAF0460008C45C /* Preview Assets.xcassets in Resources */,
				D51E233D27BAF0460008C45C /* Assets.xcassets in Resources */,
			);
			runOnlyForDeploymentPostprocessing = 0;
		};
/* End PBXResourcesBuildPhase section */

/* Begin PBXSourcesBuildPhase section */
		D51E233127BAF0440008C45C /* Sources */ = {
			isa = PBXSourcesBuildPhase;
			buildActionMask = 2147483647;
			files = (
				D5B3056A27BEE8B9000493CE /* ThemePicker.swift in Sources */,
				D5AC0A7627C18930003ABBA6 /* ScrumProgressViewStyle.swift in Sources */,
				D51E234C27BAFD330008C45C /* DailyScrum.swift in Sources */,
				D5C7FE1827BD9C1F002617CE /* DetailView.swift in Sources */,
				D5AC0A7227C16C40003ABBA6 /* MeetingHeaderView.swift in Sources */,
				D5B3056427BECB47000493CE /* DetailEditView.swift in Sources */,
				D51E235027BC27430008C45C /* TrailingIconLabelStyle.swift in Sources */,
				D51E234A27BAFC240008C45C /* Theme.swift in Sources */,
				D5AC0A7A27C19495003ABBA6 /* MeetingViewFooter.swift in Sources */,
				D5AC0A7827C18CA5003ABBA6 /* ScrumTimer.swift in Sources */,
				D51E235227BC2BC50008C45C /* ScrumsView.swift in Sources */,
				D51E233B27BAF0440008C45C /* MeetingView.swift in Sources */,
				D51E233927BAF0440008C45C /* ScrumdingerApp.swift in Sources */,
				D5B3056827BEE76C000493CE /* ThemeView.swift in Sources */,
				D51E234E27BAFE340008C45C /* CardView.swift in Sources */,
			);
			runOnlyForDeploymentPostprocessing = 0;
		};
/* End PBXSourcesBuildPhase section */

/* Begin XCBuildConfiguration section */
		D51E234127BAF0460008C45C /* Debug */ = {
			isa = XCBuildConfiguration;
			buildSettings = {
				ALWAYS_SEARCH_USER_PATHS = NO;
				CLANG_ANALYZER_NONNULL = YES;
				CLANG_ANALYZER_NUMBER_OBJECT_CONVERSION = YES_AGGRESSIVE;
				CLANG_CXX_LANGUAGE_STANDARD = "gnu++17";
				CLANG_CXX_LIBRARY = "libc++";
				CLANG_ENABLE_MODULES = YES;
				CLANG_ENABLE_OBJC_ARC = YES;
				CLANG_ENABLE_OBJC_WEAK = YES;
				CLANG_WARN_BLOCK_CAPTURE_AUTORELEASING = YES;
				CLANG_WARN_BOOL_CONVERSION = YES;
				CLANG_WARN_COMMA = YES;
				CLANG_WARN_CONSTANT_CONVERSION = YES;
				CLANG_WARN_DEPRECATED_OBJC_IMPLEMENTATIONS = YES;
				CLANG_WARN_DIRECT_OBJC_ISA_USAGE = YES_ERROR;
				CLANG_WARN_DOCUMENTATION_COMMENTS = YES;
				CLANG_WARN_EMPTY_BODY = YES;
				CLANG_WARN_ENUM_CONVERSION = YES;
				CLANG_WARN_INFINITE_RECURSION = YES;
				CLANG_WARN_INT_CONVERSION = YES;
				CLANG_WARN_NON_LITERAL_NULL_CONVERSION = YES;
				CLANG_WARN_OBJC_IMPLICIT_RETAIN_SELF = YES;
				CLANG_WARN_OBJC_LITERAL_CONVERSION = YES;
				CLANG_WARN_OBJC_ROOT_CLASS = YES_ERROR;
				CLANG_WARN_QUOTED_INCLUDE_IN_FRAMEWORK_HEADER = YES;
				CLANG_WARN_RANGE_LOOP_ANALYSIS = YES;
				CLANG_WARN_STRICT_PROTOTYPES = YES;
				CLANG_WARN_SUSPICIOUS_MOVE = YES;
				CLANG_WARN_UNGUARDED_AVAILABILITY = YES_AGGRESSIVE;
				CLANG_WARN_UNREACHABLE_CODE = YES;
				CLANG_WARN__DUPLICATE_METHOD_MATCH = YES;
				COPY_PHASE_STRIP = NO;
				DEBUG_INFORMATION_FORMAT = dwarf;
				ENABLE_STRICT_OBJC_MSGSEND = YES;
				ENABLE_TESTABILITY = YES;
				GCC_C_LANGUAGE_STANDARD = gnu11;
				GCC_DYNAMIC_NO_PIC = NO;
				GCC_NO_COMMON_BLOCKS = YES;
				GCC_OPTIMIZATION_LEVEL = 0;
				GCC_PREPROCESSOR_DEFINITIONS = (
					"DEBUG=1",
					"$(inherited)",
				);
				GCC_WARN_64_TO_32_BIT_CONVERSION = YES;
				GCC_WARN_ABOUT_RETURN_TYPE = YES_ERROR;
				GCC_WARN_UNDECLARED_SELECTOR = YES;
				GCC_WARN_UNINITIALIZED_AUTOS = YES_AGGRESSIVE;
				GCC_WARN_UNUSED_FUNCTION = YES;
				GCC_WARN_UNUSED_VARIABLE = YES;
				IPHONEOS_DEPLOYMENT_TARGET = 15.2;
				MTL_ENABLE_DEBUG_INFO = INCLUDE_SOURCE;
				MTL_FAST_MATH = YES;
				ONLY_ACTIVE_ARCH = YES;
				SDKROOT = iphoneos;
				SWIFT_ACTIVE_COMPILATION_CONDITIONS = DEBUG;
				SWIFT_OPTIMIZATION_LEVEL = "-Onone";
			};
			name = Debug;
		};
		D51E234227BAF0460008C45C /* Release */ = {
			isa = XCBuildConfiguration;
			buildSettings = {
				ALWAYS_SEARCH_USER_PATHS = NO;
				CLANG_ANALYZER_NONNULL = YES;
				CLANG_ANALYZER_NUMBER_OBJECT_CONVERSION = YES_AGGRESSIVE;
				CLANG_CXX_LANGUAGE_STANDARD = "gnu++17";
				CLANG_CXX_LIBRARY = "libc++";
				CLANG_ENABLE_MODULES = YES;
				CLANG_ENABLE_OBJC_ARC = YES;
				CLANG_ENABLE_OBJC_WEAK = YES;
				CLANG_WARN_BLOCK_CAPTURE_AUTORELEASING = YES;
				CLANG_WARN_BOOL_CONVERSION = YES;
				CLANG_WARN_COMMA = YES;
				CLANG_WARN_CONSTANT_CONVERSION = YES;
				CLANG_WARN_DEPRECATED_OBJC_IMPLEMENTATIONS = YES;
				CLANG_WARN_DIRECT_OBJC_ISA_USAGE = YES_ERROR;
				CLANG_WARN_DOCUMENTATION_COMMENTS = YES;
				CLANG_WARN_EMPTY_BODY = YES;
				CLANG_WARN_ENUM_CONVERSION = YES;
				CLANG_WARN_INFINITE_RECURSION = YES;
				CLANG_WARN_INT_CONVERSION = YES;
				CLANG_WARN_NON_LITERAL_NULL_CONVERSION = YES;
				CLANG_WARN_OBJC_IMPLICIT_RETAIN_SELF = YES;
				CLANG_WARN_OBJC_LITERAL_CONVERSION = YES;
				CLANG_WARN_OBJC_ROOT_CLASS = YES_ERROR;
				CLANG_WARN_QUOTED_INCLUDE_IN_FRAMEWORK_HEADER = YES;
				CLANG_WARN_RANGE_LOOP_ANALYSIS = YES;
				CLANG_WARN_STRICT_PROTOTYPES = YES;
				CLANG_WARN_SUSPICIOUS_MOVE = YES;
				CLANG_WARN_UNGUARDED_AVAILABILITY = YES_AGGRESSIVE;
				CLANG_WARN_UNREACHABLE_CODE = YES;
				CLANG_WARN__DUPLICATE_METHOD_MATCH = YES;
				COPY_PHASE_STRIP = NO;
				DEBUG_INFORMATION_FORMAT = "dwarf-with-dsym";
				ENABLE_NS_ASSERTIONS = NO;
				ENABLE_STRICT_OBJC_MSGSEND = YES;
				GCC_C_LANGUAGE_STANDARD = gnu11;
				GCC_NO_COMMON_BLOCKS = YES;
				GCC_WARN_64_TO_32_BIT_CONVERSION = YES;
				GCC_WARN_ABOUT_RETURN_TYPE = YES_ERROR;
				GCC_WARN_UNDECLARED_SELECTOR = YES;
				GCC_WARN_UNINITIALIZED_AUTOS = YES_AGGRESSIVE;
				GCC_WARN_UNUSED_FUNCTION = YES;
				GCC_WARN_UNUSED_VARIABLE = YES;
				IPHONEOS_DEPLOYMENT_TARGET = 15.2;
				MTL_ENABLE_DEBUG_INFO = NO;
				MTL_FAST_MATH = YES;
				SDKROOT = iphoneos;
				SWIFT_COMPILATION_MODE = wholemodule;
				SWIFT_OPTIMIZATION_LEVEL = "-O";
				VALIDATE_PRODUCT = YES;
			};
			name = Release;
		};
		D51E234427BAF0460008C45C /* Debug */ = {
			isa = XCBuildConfiguration;
			buildSettings = {
				ASSETCATALOG_COMPILER_APPICON_NAME = AppIcon;
				ASSETCATALOG_COMPILER_GLOBAL_ACCENT_COLOR_NAME = AccentColor;
				CODE_SIGN_STYLE = Automatic;
				CURRENT_PROJECT_VERSION = 1;
				DEVELOPMENT_ASSET_PATHS = "\"Scrumdinger/Preview Content\"";
				DEVELOPMENT_TEAM = 73A6AS994P;
				ENABLE_PREVIEWS = YES;
				GENERATE_INFOPLIST_FILE = YES;
				INFOPLIST_KEY_UIApplicationSceneManifest_Generation = YES;
				INFOPLIST_KEY_UIApplicationSupportsIndirectInputEvents = YES;
				INFOPLIST_KEY_UILaunchScreen_Generation = YES;
				INFOPLIST_KEY_UISupportedInterfaceOrientations_iPad = "UIInterfaceOrientationPortrait UIInterfaceOrientationPortraitUpsideDown UIInterfaceOrientationLandscapeLeft UIInterfaceOrientationLandscapeRight";
				INFOPLIST_KEY_UISupportedInterfaceOrientations_iPhone = "UIInterfaceOrientationPortrait UIInterfaceOrientationLandscapeLeft UIInterfaceOrientationLandscapeRight";
				LD_RUNPATH_SEARCH_PATHS = (
					"$(inherited)",
					"@executable_path/Frameworks",
				);
				MARKETING_VERSION = 1.0;
				PRODUCT_BUNDLE_IDENTIFIER = com.example.learning.Scrumdinger;
				PRODUCT_NAME = "$(TARGET_NAME)";
				SWIFT_EMIT_LOC_STRINGS = YES;
				SWIFT_VERSION = 5.0;
				TARGETED_DEVICE_FAMILY = "1,2";
			};
			name = Debug;
		};
		D51E234527BAF0460008C45C /* Release */ = {
			isa = XCBuildConfiguration;
			buildSettings = {
				ASSETCATALOG_COMPILER_APPICON_NAME = AppIcon;
				ASSETCATALOG_COMPILER_GLOBAL_ACCENT_COLOR_NAME = AccentColor;
				CODE_SIGN_STYLE = Automatic;
				CURRENT_PROJECT_VERSION = 1;
				DEVELOPMENT_ASSET_PATHS = "\"Scrumdinger/Preview Content\"";
				DEVELOPMENT_TEAM = 73A6AS994P;
				ENABLE_PREVIEWS = YES;
				GENERATE_INFOPLIST_FILE = YES;
				INFOPLIST_KEY_UIApplicationSceneManifest_Generation = YES;
				INFOPLIST_KEY_UIApplicationSupportsIndirectInputEvents = YES;
				INFOPLIST_KEY_UILaunchScreen_Generation = YES;
				INFOPLIST_KEY_UISupportedInterfaceOrientations_iPad = "UIInterfaceOrientationPortrait UIInterfaceOrientationPortraitUpsideDown UIInterfaceOrientationLandscapeLeft UIInterfaceOrientationLandscapeRight";
				INFOPLIST_KEY_UISupportedInterfaceOrientations_iPhone = "UIInterfaceOrientationPortrait UIInterfaceOrientationLandscapeLeft UIInterfaceOrientationLandscapeRight";
				LD_RUNPATH_SEARCH_PATHS = (
					"$(inherited)",
					"@executable_path/Frameworks",
				);
				MARKETING_VERSION = 1.0;
				PRODUCT_BUNDLE_IDENTIFIER = com.example.learning.Scrumdinger;
				PRODUCT_NAME = "$(TARGET_NAME)";
				SWIFT_EMIT_LOC_STRINGS = YES;
				SWIFT_VERSION = 5.0;
				TARGETED_DEVICE_FAMILY = "1,2";
			};
			name = Release;
		};
/* End XCBuildConfiguration section */

/* Begin XCConfigurationList section */
		D51E233027BAF0440008C45C /* Build configuration list for PBXProject "Scrumdinger" */ = {
			isa = XCConfigurationList;
			buildConfigurations = (
				D51E234127BAF0460008C45C /* Debug */,
				D51E234227BAF0460008C45C /* Release */,
			);
			defaultConfigurationIsVisible = 0;
			defaultConfigurationName = Release;
		};
		D51E234327BAF0460008C45C /* Build configuration list for PBXNativeTarget "Scrumdinger" */ = {
			isa = XCConfigurationList;
			buildConfigurations = (
				D51E234427BAF0460008C45C /* Debug */,
				D51E234527BAF0460008C45C /* Release */,
			);
			defaultConfigurationIsVisible = 0;
			defaultConfigurationName = Release;
		};
/* End XCConfigurationList section */
	};
	rootObject = D51E232D27BAF0440008C45C /* Project object */;
}
